
Microsoft Visual Studio Solution File, Format Version 12.00
# Visual Studio Version 17
VisualStudioVersion = 17.4.33122.133
MinimumVisualStudioVersion = 10.0.40219.1
Project("{FAE04EC0-301F-11D3-BF4B-00C04F79EFBC}") = "DataStructureHW", "DataStructureHW\DataStructureHW.csproj", "{3F0BBB33-FDEF-4060-B1AC-3DE8C2E92543}"
EndProject
Global
	GlobalSection(SolutionConfigurationPlatforms) = preSolution
		Debug|Any CPU = Debug|Any CPU
		Release|Any CPU = Release|Any CPU
	EndGlobalSection
	GlobalSection(ProjectConfigurationPlatforms) = postSolution
		{3F0BBB33-FDEF-4060-B1AC-3DE8C2E92543}.Debug|Any CPU.ActiveCfg = Debug|Any CPU
		{3F0BBB33-FDEF-4060-B1AC-3DE8C2E92543}.Debug|Any CPU.Build.0 = Debug|Any CPU
		{3F0BBB33-FDEF-4060-B1AC-3DE8C2E92543}.Release|Any CPU.ActiveCfg = Release|Any CPU
		{3F0BBB33-FDEF-4060-B1AC-3DE8C2E92543}.Release|Any CPU.Build.0 = Release|Any CPU
	EndGlobalSection
	GlobalSection(SolutionProperties) = preSolution
		HideSolutionNode = FALSE
	EndGlobalSection
	GlobalSection(ExtensibilityGlobals) = postSolution
		SolutionGuid = {2C5FE129-9809-4A96-ACC2-F411CBB2B08C}
	EndGlobalSection
EndGlobal
